
Microsoft Visual Studio Solution File, Format Version 12.00
# Visual Studio Version 17
VisualStudioVersion = 17.7.34031.279
MinimumVisualStudioVersion = 10.0.40219.1
Project("{FAE04EC0-301F-11D3-BF4B-00C04F79EFBC}") = "Elefante", "Elefante\Elefante.csproj", "{CE1C946F-E3BC-4787-9AE9-8FC0E56FEFF8}"
EndProject
Global
	GlobalSection(SolutionConfigurationPlatforms) = preSolution
		Debug|Any CPU = Debug|Any CPU
		Release|Any CPU = Release|Any CPU
	EndGlobalSection
	GlobalSection(ProjectConfigurationPlatforms) = postSolution
		{CE1C946F-E3BC-4787-9AE9-8FC0E56FEFF8}.Debug|Any CPU.ActiveCfg = Debug|Any CPU
		{CE1C946F-E3BC-4787-9AE9-8FC0E56FEFF8}.Debug|Any CPU.Build.0 = Debug|Any CPU
		{CE1C946F-E3BC-4787-9AE9-8FC0E56FEFF8}.Release|Any CPU.ActiveCfg = Release|Any CPU
		{CE1C946F-E3BC-4787-9AE9-8FC0E56FEFF8}.Release|Any CPU.Build.0 = Release|Any CPU
	EndGlobalSection
	GlobalSection(SolutionProperties) = preSolution
		HideSolutionNode = FALSE
	EndGlobalSection
	GlobalSection(ExtensibilityGlobals) = postSolution
		SolutionGuid = {10121336-A557-4745-B4FB-16A6044D12E6}
	EndGlobalSection
EndGlobal
